
Microsoft Visual Studio Solution File, Format Version 12.00
# Visual Studio Version 17
VisualStudioVersion = 17.0.32014.148
MinimumVisualStudioVersion = 10.0.40219.1
Project("{9A19103F-16F7-4668-BE54-9A1E7A4F7556}") = "BadEcho.Fenestra", "src\Fenestra\BadEcho.Fenestra.csproj", "{7E3F9A38-18A4-4F12-8CAA-298C004E4095}"
EndProject
Project("{9A19103F-16F7-4668-BE54-9A1E7A4F7556}") = "BadEcho.Odin", "src\Odin\BadEcho.Odin.csproj", "{64BF491A-E05D-4623-BCA9-86F07AA9F9A1}"
EndProject
Project("{2150E333-8FDC-42A3-9474-1A3956D46DE8}") = "src", "src", "{A14098CE-C46F-4906-87ED-44DF6A81F3A7}"
EndProject
Project("{2150E333-8FDC-42A3-9474-1A3956D46DE8}") = "tests", "tests", "{FE49F12E-C479-4F72-A165-FE20F0A43C8D}"
EndProject
Project("{9A19103F-16F7-4668-BE54-9A1E7A4F7556}") = "BadEcho.Odin.Tests", "tests\Odin.Tests\BadEcho.Odin.Tests.csproj", "{0A4E22A6-08D2-46F7-8A65-DB217253E535}"
EndProject
Project("{9A19103F-16F7-4668-BE54-9A1E7A4F7556}") = "BadEcho.Odin.Tests.Plugin", "tests\Odin.Tests.Plugin\BadEcho.Odin.Tests.Plugin.csproj", "{EFB519DE-05D6-4062-BBC9-24D9C2F437C0}"
EndProject
Project("{9A19103F-16F7-4668-BE54-9A1E7A4F7556}") = "BadEcho.Odin.XmlConfiguration", "src\Odin.XmlConfiguration\BadEcho.Odin.XmlConfiguration.csproj", "{4634C157-58CB-4788-9513-DD9A003FF2AA}"
EndProject
Project("{9A19103F-16F7-4668-BE54-9A1E7A4F7556}") = "BadEcho.Fenestra.Tests", "tests\Fenestra.Tests\BadEcho.Fenestra.Tests.csproj", "{EF172EF6-B2B7-4944-8863-DEEACB2C7199}"
EndProject
Project("{9A19103F-16F7-4668-BE54-9A1E7A4F7556}") = "BadEcho.Odin.Tests.ExtensibilityPoint", "tests\Odin.Tests.ExtensibilityPoint\BadEcho.Odin.Tests.ExtensibilityPoint.csproj", "{96E47E47-4A73-42D3-B8A5-B43E061AE5EF}"
EndProject
Project("{2150E333-8FDC-42A3-9474-1A3956D46DE8}") = "omnified", "omnified", "{773B3EB9-0C39-4AED-892F-F1E2F7B7106B}"
EndProject
Project("{9A19103F-16F7-4668-BE54-9A1E7A4F7556}") = "BadEcho.Omnified.Vision", "src\Vision\BadEcho.Omnified.Vision.csproj", "{41BF1AF7-1437-4548-A019-BB1985D08EA1}"
EndProject
Project("{9A19103F-16F7-4668-BE54-9A1E7A4F7556}") = "BadEcho.Omnified.Vision.Extensibility", "src\Vision.Extensibility\BadEcho.Omnified.Vision.Extensibility.csproj", "{F50E33D1-9FEE-4A58-9401-A915C914A7C2}"
EndProject
Project("{9A19103F-16F7-4668-BE54-9A1E7A4F7556}") = "BadEcho.Omnified.Vision.Statistics", "src\Vision.Statistics\BadEcho.Omnified.Vision.Statistics.csproj", "{8D19C413-8751-445E-BBB4-F20EA40E0691}"
EndProject
Project("{2150E333-8FDC-42A3-9474-1A3956D46DE8}") = "omnified", "omnified", "{D85B8374-DA6C-4A05-9814-D057B4CCE499}"
EndProject
Project("{9A19103F-16F7-4668-BE54-9A1E7A4F7556}") = "BadEcho.Omnified.Vision.Tests", "tests\Vision.Tests\BadEcho.Omnified.Vision.Tests.csproj", "{E9635411-FF91-4E8F-9144-F00D909C968D}"
EndProject
Project("{9A19103F-16F7-4668-BE54-9A1E7A4F7556}") = "BadEcho.Omnified.Vision.Apocalypse", "src\Vision.Apocalypse\BadEcho.Omnified.Vision.Apocalypse.csproj", "{0A387E81-5764-4967-ADE1-2B06400D7663}"
EndProject
Global
	GlobalSection(SolutionConfigurationPlatforms) = preSolution
		Debug|Any CPU = Debug|Any CPU
		Release|Any CPU = Release|Any CPU
	EndGlobalSection
	GlobalSection(ProjectConfigurationPlatforms) = postSolution
		{7E3F9A38-18A4-4F12-8CAA-298C004E4095}.Debug|Any CPU.ActiveCfg = Debug|Any CPU
		{7E3F9A38-18A4-4F12-8CAA-298C004E4095}.Debug|Any CPU.Build.0 = Debug|Any CPU
		{7E3F9A38-18A4-4F12-8CAA-298C004E4095}.Release|Any CPU.ActiveCfg = Release|Any CPU
		{7E3F9A38-18A4-4F12-8CAA-298C004E4095}.Release|Any CPU.Build.0 = Release|Any CPU
		{64BF491A-E05D-4623-BCA9-86F07AA9F9A1}.Debug|Any CPU.ActiveCfg = Debug|Any CPU
		{64BF491A-E05D-4623-BCA9-86F07AA9F9A1}.Debug|Any CPU.Build.0 = Debug|Any CPU
		{64BF491A-E05D-4623-BCA9-86F07AA9F9A1}.Release|Any CPU.ActiveCfg = Release|Any CPU
		{64BF491A-E05D-4623-BCA9-86F07AA9F9A1}.Release|Any CPU.Build.0 = Release|Any CPU
		{0A4E22A6-08D2-46F7-8A65-DB217253E535}.Debug|Any CPU.ActiveCfg = Debug|Any CPU
		{0A4E22A6-08D2-46F7-8A65-DB217253E535}.Debug|Any CPU.Build.0 = Debug|Any CPU
		{0A4E22A6-08D2-46F7-8A65-DB217253E535}.Release|Any CPU.ActiveCfg = Release|Any CPU
		{0A4E22A6-08D2-46F7-8A65-DB217253E535}.Release|Any CPU.Build.0 = Release|Any CPU
		{EFB519DE-05D6-4062-BBC9-24D9C2F437C0}.Debug|Any CPU.ActiveCfg = Debug|Any CPU
		{EFB519DE-05D6-4062-BBC9-24D9C2F437C0}.Debug|Any CPU.Build.0 = Debug|Any CPU
		{EFB519DE-05D6-4062-BBC9-24D9C2F437C0}.Release|Any CPU.ActiveCfg = Release|Any CPU
		{EFB519DE-05D6-4062-BBC9-24D9C2F437C0}.Release|Any CPU.Build.0 = Release|Any CPU
		{4634C157-58CB-4788-9513-DD9A003FF2AA}.Debug|Any CPU.ActiveCfg = Debug|Any CPU
		{4634C157-58CB-4788-9513-DD9A003FF2AA}.Debug|Any CPU.Build.0 = Debug|Any CPU
		{4634C157-58CB-4788-9513-DD9A003FF2AA}.Release|Any CPU.ActiveCfg = Release|Any CPU
		{4634C157-58CB-4788-9513-DD9A003FF2AA}.Release|Any CPU.Build.0 = Release|Any CPU
		{EF172EF6-B2B7-4944-8863-DEEACB2C7199}.Debug|Any CPU.ActiveCfg = Debug|Any CPU
		{EF172EF6-B2B7-4944-8863-DEEACB2C7199}.Debug|Any CPU.Build.0 = Debug|Any CPU
		{EF172EF6-B2B7-4944-8863-DEEACB2C7199}.Release|Any CPU.ActiveCfg = Release|Any CPU
		{EF172EF6-B2B7-4944-8863-DEEACB2C7199}.Release|Any CPU.Build.0 = Release|Any CPU
		{96E47E47-4A73-42D3-B8A5-B43E061AE5EF}.Debug|Any CPU.ActiveCfg = Debug|Any CPU
		{96E47E47-4A73-42D3-B8A5-B43E061AE5EF}.Debug|Any CPU.Build.0 = Debug|Any CPU
		{96E47E47-4A73-42D3-B8A5-B43E061AE5EF}.Release|Any CPU.ActiveCfg = Release|Any CPU
		{96E47E47-4A73-42D3-B8A5-B43E061AE5EF}.Release|Any CPU.Build.0 = Release|Any CPU
		{41BF1AF7-1437-4548-A019-BB1985D08EA1}.Debug|Any CPU.ActiveCfg = Debug|Any CPU
		{41BF1AF7-1437-4548-A019-BB1985D08EA1}.Debug|Any CPU.Build.0 = Debug|Any CPU
		{41BF1AF7-1437-4548-A019-BB1985D08EA1}.Release|Any CPU.ActiveCfg = Release|Any CPU
		{41BF1AF7-1437-4548-A019-BB1985D08EA1}.Release|Any CPU.Build.0 = Release|Any CPU
		{F50E33D1-9FEE-4A58-9401-A915C914A7C2}.Debug|Any CPU.ActiveCfg = Debug|Any CPU
		{F50E33D1-9FEE-4A58-9401-A915C914A7C2}.Debug|Any CPU.Build.0 = Debug|Any CPU
		{F50E33D1-9FEE-4A58-9401-A915C914A7C2}.Release|Any CPU.ActiveCfg = Release|Any CPU
		{F50E33D1-9FEE-4A58-9401-A915C914A7C2}.Release|Any CPU.Build.0 = Release|Any CPU
		{8D19C413-8751-445E-BBB4-F20EA40E0691}.Debug|Any CPU.ActiveCfg = Debug|Any CPU
		{8D19C413-8751-445E-BBB4-F20EA40E0691}.Debug|Any CPU.Build.0 = Debug|Any CPU
		{8D19C413-8751-445E-BBB4-F20EA40E0691}.Release|Any CPU.ActiveCfg = Release|Any CPU
		{8D19C413-8751-445E-BBB4-F20EA40E0691}.Release|Any CPU.Build.0 = Release|Any CPU
		{E9635411-FF91-4E8F-9144-F00D909C968D}.Debug|Any CPU.ActiveCfg = Debug|Any CPU
		{E9635411-FF91-4E8F-9144-F00D909C968D}.Debug|Any CPU.Build.0 = Debug|Any CPU
		{E9635411-FF91-4E8F-9144-F00D909C968D}.Release|Any CPU.ActiveCfg = Release|Any CPU
		{E9635411-FF91-4E8F-9144-F00D909C968D}.Release|Any CPU.Build.0 = Release|Any CPU
		{0A387E81-5764-4967-ADE1-2B06400D7663}.Debug|Any CPU.ActiveCfg = Debug|Any CPU
		{0A387E81-5764-4967-ADE1-2B06400D7663}.Debug|Any CPU.Build.0 = Debug|Any CPU
		{0A387E81-5764-4967-ADE1-2B06400D7663}.Release|Any CPU.ActiveCfg = Release|Any CPU
		{0A387E81-5764-4967-ADE1-2B06400D7663}.Release|Any CPU.Build.0 = Release|Any CPU
	EndGlobalSection
	GlobalSection(SolutionProperties) = preSolution
		HideSolutionNode = FALSE
	EndGlobalSection
	GlobalSection(NestedProjects) = preSolution
		{7E3F9A38-18A4-4F12-8CAA-298C004E4095} = {A14098CE-C46F-4906-87ED-44DF6A81F3A7}
		{64BF491A-E05D-4623-BCA9-86F07AA9F9A1} = {A14098CE-C46F-4906-87ED-44DF6A81F3A7}
		{0A4E22A6-08D2-46F7-8A65-DB217253E535} = {FE49F12E-C479-4F72-A165-FE20F0A43C8D}
		{EFB519DE-05D6-4062-BBC9-24D9C2F437C0} = {FE49F12E-C479-4F72-A165-FE20F0A43C8D}
		{4634C157-58CB-4788-9513-DD9A003FF2AA} = {A14098CE-C46F-4906-87ED-44DF6A81F3A7}
		{EF172EF6-B2B7-4944-8863-DEEACB2C7199} = {FE49F12E-C479-4F72-A165-FE20F0A43C8D}
		{96E47E47-4A73-42D3-B8A5-B43E061AE5EF} = {FE49F12E-C479-4F72-A165-FE20F0A43C8D}
		{773B3EB9-0C39-4AED-892F-F1E2F7B7106B} = {A14098CE-C46F-4906-87ED-44DF6A81F3A7}
		{41BF1AF7-1437-4548-A019-BB1985D08EA1} = {773B3EB9-0C39-4AED-892F-F1E2F7B7106B}
		{F50E33D1-9FEE-4A58-9401-A915C914A7C2} = {773B3EB9-0C39-4AED-892F-F1E2F7B7106B}
		{8D19C413-8751-445E-BBB4-F20EA40E0691} = {773B3EB9-0C39-4AED-892F-F1E2F7B7106B}
		{D85B8374-DA6C-4A05-9814-D057B4CCE499} = {FE49F12E-C479-4F72-A165-FE20F0A43C8D}
		{E9635411-FF91-4E8F-9144-F00D909C968D} = {D85B8374-DA6C-4A05-9814-D057B4CCE499}
		{0A387E81-5764-4967-ADE1-2B06400D7663} = {773B3EB9-0C39-4AED-892F-F1E2F7B7106B}
	EndGlobalSection
	GlobalSection(ExtensibilityGlobals) = postSolution
		SolutionGuid = {AB57ED24-4142-4E4A-8847-3C6A0D38B54E}
	EndGlobalSection
EndGlobal
