
Microsoft Visual Studio Solution File, Format Version 12.00
# Visual Studio Version 17
VisualStudioVersion = 17.0.32014.148
MinimumVisualStudioVersion = 10.0.40219.1
Project("{9A19103F-16F7-4668-BE54-9A1E7A4F7556}") = "BadEcho.Presentation", "src\Presentation\BadEcho.Presentation.csproj", "{7E3F9A38-18A4-4F12-8CAA-298C004E4095}"
EndProject
Project("{9A19103F-16F7-4668-BE54-9A1E7A4F7556}") = "BadEcho.Common", "src\Common\BadEcho.Common.csproj", "{64BF491A-E05D-4623-BCA9-86F07AA9F9A1}"
EndProject
Project("{2150E333-8FDC-42A3-9474-1A3956D46DE8}") = "src", "src", "{A14098CE-C46F-4906-87ED-44DF6A81F3A7}"
EndProject
Project("{2150E333-8FDC-42A3-9474-1A3956D46DE8}") = "tests", "tests", "{FE49F12E-C479-4F72-A165-FE20F0A43C8D}"
EndProject
Project("{9A19103F-16F7-4668-BE54-9A1E7A4F7556}") = "BadEcho.Common.Tests", "tests\Common.Tests\BadEcho.Common.Tests.csproj", "{0A4E22A6-08D2-46F7-8A65-DB217253E535}"
EndProject
Project("{9A19103F-16F7-4668-BE54-9A1E7A4F7556}") = "BadEcho.XmlConfiguration", "src\XmlConfiguration\BadEcho.XmlConfiguration.csproj", "{4634C157-58CB-4788-9513-DD9A003FF2AA}"
EndProject
Project("{9A19103F-16F7-4668-BE54-9A1E7A4F7556}") = "BadEcho.Presentation.Tests", "tests\Presentation.Tests\BadEcho.Presentation.Tests.csproj", "{EF172EF6-B2B7-4944-8863-DEEACB2C7199}"
EndProject
Project("{9A19103F-16F7-4668-BE54-9A1E7A4F7556}") = "BadEcho.Game", "src\Game\BadEcho.Game.csproj", "{28C9FB6D-8E22-48AA-BC32-D4E999C370B9}"
EndProject
Project("{9A19103F-16F7-4668-BE54-9A1E7A4F7556}") = "BadEcho.Game.Pipeline", "src\Game.Pipeline\BadEcho.Game.Pipeline.csproj", "{9BE628D9-FA6F-45CE-B11C-1101D2ADA451}"
EndProject
Project("{9A19103F-16F7-4668-BE54-9A1E7A4F7556}") = "BadEcho.Game.Tests", "tests\Game.Tests\BadEcho.Game.Tests.csproj", "{56DD6D41-BF60-462F-AB2D-512098643EED}"
	ProjectSection(ProjectDependencies) = postProject
		{9BE628D9-FA6F-45CE-B11C-1101D2ADA451} = {9BE628D9-FA6F-45CE-B11C-1101D2ADA451}
	EndProjectSection
EndProject
Project("{8BC9CEB8-8B4A-11D0-8D11-00A0C91BC942}") = "BadEcho.MsdfGenerator", "src\MsdfGenerator\BadEcho.MsdfGenerator.vcxproj", "{9A554C9B-B87F-44B3-8F6C-BFD8A7AC24E9}"
EndProject
Project("{9A19103F-16F7-4668-BE54-9A1E7A4F7556}") = "BadEcho.MsdfGenerator.Tests", "tests\MsdfGenerator\BadEcho.MsdfGenerator.Tests.csproj", "{3033152D-BE4D-4FC5-B262-B8CFD8C6F2A7}"
EndProject
Project("{8BC9CEB8-8B4A-11D0-8D11-00A0C91BC942}") = "BadEcho.Hooks", "src\Hooks\BadEcho.Hooks.vcxproj", "{AF92B5D1-9E02-413B-800D-90B87E59ED89}"
EndProject
Project("{FAE04EC0-301F-11D3-BF4B-00C04F79EFBC}") = "BadEcho.Extensibility", "src\Extensibility\BadEcho.Extensibility.csproj", "{B2A1D5E1-5749-4325-9734-9D14F7F425ED}"
EndProject
Project("{FAE04EC0-301F-11D3-BF4B-00C04F79EFBC}") = "BadEcho.Extensibility.Tests", "tests\Extensibility.Tests\BadEcho.Extensibility.Tests.csproj", "{8F4D461F-7DF0-40E3-B83A-284506071852}"
EndProject
Project("{FAE04EC0-301F-11D3-BF4B-00C04F79EFBC}") = "BadEcho.Extensibility.Tests.ExtensibilityPoint", "tests\Extensibility.Tests.ExtensibilityPoint\BadEcho.Extensibility.Tests.ExtensibilityPoint.csproj", "{28AEF359-5557-4011-A684-C6485D276E91}"
EndProject
Project("{FAE04EC0-301F-11D3-BF4B-00C04F79EFBC}") = "BadEcho.Extensibility.Tests.Plugin", "tests\Extensibility.Tests.Plugin\BadEcho.Extensibility.Tests.Plugin.csproj", "{769E0ED2-65BF-46FE-89AB-0C311398A4F1}"
EndProject
Global
	GlobalSection(SolutionConfigurationPlatforms) = preSolution
		Debug|Any CPU = Debug|Any CPU
		Debug|x64 = Debug|x64
		Debug|x86 = Debug|x86
		Package|Any CPU = Package|Any CPU
		Package|x64 = Package|x64
		Package|x86 = Package|x86
		Release|Any CPU = Release|Any CPU
		Release|x64 = Release|x64
		Release|x86 = Release|x86
	EndGlobalSection
	GlobalSection(ProjectConfigurationPlatforms) = postSolution
		{7E3F9A38-18A4-4F12-8CAA-298C004E4095}.Debug|Any CPU.ActiveCfg = Debug|Any CPU
		{7E3F9A38-18A4-4F12-8CAA-298C004E4095}.Debug|Any CPU.Build.0 = Debug|Any CPU
		{7E3F9A38-18A4-4F12-8CAA-298C004E4095}.Debug|x64.ActiveCfg = Debug|Any CPU
		{7E3F9A38-18A4-4F12-8CAA-298C004E4095}.Debug|x64.Build.0 = Debug|Any CPU
		{7E3F9A38-18A4-4F12-8CAA-298C004E4095}.Debug|x86.ActiveCfg = Debug|Any CPU
		{7E3F9A38-18A4-4F12-8CAA-298C004E4095}.Debug|x86.Build.0 = Debug|Any CPU
		{7E3F9A38-18A4-4F12-8CAA-298C004E4095}.Package|Any CPU.ActiveCfg = Release|Any CPU
		{7E3F9A38-18A4-4F12-8CAA-298C004E4095}.Package|Any CPU.Build.0 = Release|Any CPU
		{7E3F9A38-18A4-4F12-8CAA-298C004E4095}.Package|x64.ActiveCfg = Release|Any CPU
		{7E3F9A38-18A4-4F12-8CAA-298C004E4095}.Package|x64.Build.0 = Release|Any CPU
		{7E3F9A38-18A4-4F12-8CAA-298C004E4095}.Package|x86.ActiveCfg = Release|Any CPU
		{7E3F9A38-18A4-4F12-8CAA-298C004E4095}.Package|x86.Build.0 = Release|Any CPU
		{7E3F9A38-18A4-4F12-8CAA-298C004E4095}.Release|Any CPU.ActiveCfg = Release|Any CPU
		{7E3F9A38-18A4-4F12-8CAA-298C004E4095}.Release|Any CPU.Build.0 = Release|Any CPU
		{7E3F9A38-18A4-4F12-8CAA-298C004E4095}.Release|x64.ActiveCfg = Release|Any CPU
		{7E3F9A38-18A4-4F12-8CAA-298C004E4095}.Release|x64.Build.0 = Release|Any CPU
		{7E3F9A38-18A4-4F12-8CAA-298C004E4095}.Release|x86.ActiveCfg = Release|Any CPU
		{7E3F9A38-18A4-4F12-8CAA-298C004E4095}.Release|x86.Build.0 = Release|Any CPU
		{64BF491A-E05D-4623-BCA9-86F07AA9F9A1}.Debug|Any CPU.ActiveCfg = Debug|Any CPU
		{64BF491A-E05D-4623-BCA9-86F07AA9F9A1}.Debug|Any CPU.Build.0 = Debug|Any CPU
		{64BF491A-E05D-4623-BCA9-86F07AA9F9A1}.Debug|x64.ActiveCfg = Debug|Any CPU
		{64BF491A-E05D-4623-BCA9-86F07AA9F9A1}.Debug|x64.Build.0 = Debug|Any CPU
		{64BF491A-E05D-4623-BCA9-86F07AA9F9A1}.Debug|x86.ActiveCfg = Debug|Any CPU
		{64BF491A-E05D-4623-BCA9-86F07AA9F9A1}.Debug|x86.Build.0 = Debug|Any CPU
		{64BF491A-E05D-4623-BCA9-86F07AA9F9A1}.Package|Any CPU.ActiveCfg = Release|Any CPU
		{64BF491A-E05D-4623-BCA9-86F07AA9F9A1}.Package|Any CPU.Build.0 = Release|Any CPU
		{64BF491A-E05D-4623-BCA9-86F07AA9F9A1}.Package|x64.ActiveCfg = Release|Any CPU
		{64BF491A-E05D-4623-BCA9-86F07AA9F9A1}.Package|x64.Build.0 = Release|Any CPU
		{64BF491A-E05D-4623-BCA9-86F07AA9F9A1}.Package|x86.ActiveCfg = Release|Any CPU
		{64BF491A-E05D-4623-BCA9-86F07AA9F9A1}.Package|x86.Build.0 = Release|Any CPU
		{64BF491A-E05D-4623-BCA9-86F07AA9F9A1}.Release|Any CPU.ActiveCfg = Release|Any CPU
		{64BF491A-E05D-4623-BCA9-86F07AA9F9A1}.Release|Any CPU.Build.0 = Release|Any CPU
		{64BF491A-E05D-4623-BCA9-86F07AA9F9A1}.Release|x64.ActiveCfg = Release|Any CPU
		{64BF491A-E05D-4623-BCA9-86F07AA9F9A1}.Release|x64.Build.0 = Release|Any CPU
		{64BF491A-E05D-4623-BCA9-86F07AA9F9A1}.Release|x86.ActiveCfg = Release|Any CPU
		{64BF491A-E05D-4623-BCA9-86F07AA9F9A1}.Release|x86.Build.0 = Release|Any CPU
		{0A4E22A6-08D2-46F7-8A65-DB217253E535}.Debug|Any CPU.ActiveCfg = Debug|Any CPU
		{0A4E22A6-08D2-46F7-8A65-DB217253E535}.Debug|Any CPU.Build.0 = Debug|Any CPU
		{0A4E22A6-08D2-46F7-8A65-DB217253E535}.Debug|x64.ActiveCfg = Debug|Any CPU
		{0A4E22A6-08D2-46F7-8A65-DB217253E535}.Debug|x64.Build.0 = Debug|Any CPU
		{0A4E22A6-08D2-46F7-8A65-DB217253E535}.Debug|x86.ActiveCfg = Debug|Any CPU
		{0A4E22A6-08D2-46F7-8A65-DB217253E535}.Debug|x86.Build.0 = Debug|Any CPU
		{0A4E22A6-08D2-46F7-8A65-DB217253E535}.Package|Any CPU.ActiveCfg = Release|Any CPU
		{0A4E22A6-08D2-46F7-8A65-DB217253E535}.Package|x64.ActiveCfg = Release|Any CPU
		{0A4E22A6-08D2-46F7-8A65-DB217253E535}.Package|x64.Build.0 = Release|Any CPU
		{0A4E22A6-08D2-46F7-8A65-DB217253E535}.Package|x86.ActiveCfg = Release|Any CPU
		{0A4E22A6-08D2-46F7-8A65-DB217253E535}.Package|x86.Build.0 = Release|Any CPU
		{0A4E22A6-08D2-46F7-8A65-DB217253E535}.Release|Any CPU.ActiveCfg = Release|Any CPU
		{0A4E22A6-08D2-46F7-8A65-DB217253E535}.Release|Any CPU.Build.0 = Release|Any CPU
		{0A4E22A6-08D2-46F7-8A65-DB217253E535}.Release|x64.ActiveCfg = Release|Any CPU
		{0A4E22A6-08D2-46F7-8A65-DB217253E535}.Release|x64.Build.0 = Release|Any CPU
		{0A4E22A6-08D2-46F7-8A65-DB217253E535}.Release|x86.ActiveCfg = Release|Any CPU
		{0A4E22A6-08D2-46F7-8A65-DB217253E535}.Release|x86.Build.0 = Release|Any CPU
		{4634C157-58CB-4788-9513-DD9A003FF2AA}.Debug|Any CPU.ActiveCfg = Debug|Any CPU
		{4634C157-58CB-4788-9513-DD9A003FF2AA}.Debug|Any CPU.Build.0 = Debug|Any CPU
		{4634C157-58CB-4788-9513-DD9A003FF2AA}.Debug|x64.ActiveCfg = Debug|Any CPU
		{4634C157-58CB-4788-9513-DD9A003FF2AA}.Debug|x64.Build.0 = Debug|Any CPU
		{4634C157-58CB-4788-9513-DD9A003FF2AA}.Debug|x86.ActiveCfg = Debug|Any CPU
		{4634C157-58CB-4788-9513-DD9A003FF2AA}.Debug|x86.Build.0 = Debug|Any CPU
		{4634C157-58CB-4788-9513-DD9A003FF2AA}.Package|Any CPU.ActiveCfg = Release|Any CPU
		{4634C157-58CB-4788-9513-DD9A003FF2AA}.Package|Any CPU.Build.0 = Release|Any CPU
		{4634C157-58CB-4788-9513-DD9A003FF2AA}.Package|x64.ActiveCfg = Release|Any CPU
		{4634C157-58CB-4788-9513-DD9A003FF2AA}.Package|x64.Build.0 = Release|Any CPU
		{4634C157-58CB-4788-9513-DD9A003FF2AA}.Package|x86.ActiveCfg = Release|Any CPU
		{4634C157-58CB-4788-9513-DD9A003FF2AA}.Package|x86.Build.0 = Release|Any CPU
		{4634C157-58CB-4788-9513-DD9A003FF2AA}.Release|Any CPU.ActiveCfg = Release|Any CPU
		{4634C157-58CB-4788-9513-DD9A003FF2AA}.Release|Any CPU.Build.0 = Release|Any CPU
		{4634C157-58CB-4788-9513-DD9A003FF2AA}.Release|x64.ActiveCfg = Release|Any CPU
		{4634C157-58CB-4788-9513-DD9A003FF2AA}.Release|x64.Build.0 = Release|Any CPU
		{4634C157-58CB-4788-9513-DD9A003FF2AA}.Release|x86.ActiveCfg = Release|Any CPU
		{4634C157-58CB-4788-9513-DD9A003FF2AA}.Release|x86.Build.0 = Release|Any CPU
		{EF172EF6-B2B7-4944-8863-DEEACB2C7199}.Debug|Any CPU.ActiveCfg = Debug|Any CPU
		{EF172EF6-B2B7-4944-8863-DEEACB2C7199}.Debug|Any CPU.Build.0 = Debug|Any CPU
		{EF172EF6-B2B7-4944-8863-DEEACB2C7199}.Debug|x64.ActiveCfg = Debug|Any CPU
		{EF172EF6-B2B7-4944-8863-DEEACB2C7199}.Debug|x64.Build.0 = Debug|Any CPU
		{EF172EF6-B2B7-4944-8863-DEEACB2C7199}.Debug|x86.ActiveCfg = Debug|Any CPU
		{EF172EF6-B2B7-4944-8863-DEEACB2C7199}.Debug|x86.Build.0 = Debug|Any CPU
		{EF172EF6-B2B7-4944-8863-DEEACB2C7199}.Package|Any CPU.ActiveCfg = Release|Any CPU
		{EF172EF6-B2B7-4944-8863-DEEACB2C7199}.Package|x64.ActiveCfg = Release|Any CPU
		{EF172EF6-B2B7-4944-8863-DEEACB2C7199}.Package|x64.Build.0 = Release|Any CPU
		{EF172EF6-B2B7-4944-8863-DEEACB2C7199}.Package|x86.ActiveCfg = Release|Any CPU
		{EF172EF6-B2B7-4944-8863-DEEACB2C7199}.Package|x86.Build.0 = Release|Any CPU
		{EF172EF6-B2B7-4944-8863-DEEACB2C7199}.Release|Any CPU.ActiveCfg = Release|Any CPU
		{EF172EF6-B2B7-4944-8863-DEEACB2C7199}.Release|Any CPU.Build.0 = Release|Any CPU
		{EF172EF6-B2B7-4944-8863-DEEACB2C7199}.Release|x64.ActiveCfg = Release|Any CPU
		{EF172EF6-B2B7-4944-8863-DEEACB2C7199}.Release|x64.Build.0 = Release|Any CPU
		{EF172EF6-B2B7-4944-8863-DEEACB2C7199}.Release|x86.ActiveCfg = Release|Any CPU
		{EF172EF6-B2B7-4944-8863-DEEACB2C7199}.Release|x86.Build.0 = Release|Any CPU
		{28C9FB6D-8E22-48AA-BC32-D4E999C370B9}.Debug|Any CPU.ActiveCfg = Debug|Any CPU
		{28C9FB6D-8E22-48AA-BC32-D4E999C370B9}.Debug|Any CPU.Build.0 = Debug|Any CPU
		{28C9FB6D-8E22-48AA-BC32-D4E999C370B9}.Debug|x64.ActiveCfg = Debug|Any CPU
		{28C9FB6D-8E22-48AA-BC32-D4E999C370B9}.Debug|x64.Build.0 = Debug|Any CPU
		{28C9FB6D-8E22-48AA-BC32-D4E999C370B9}.Debug|x86.ActiveCfg = Debug|Any CPU
		{28C9FB6D-8E22-48AA-BC32-D4E999C370B9}.Debug|x86.Build.0 = Debug|Any CPU
		{28C9FB6D-8E22-48AA-BC32-D4E999C370B9}.Package|Any CPU.ActiveCfg = Release|Any CPU
		{28C9FB6D-8E22-48AA-BC32-D4E999C370B9}.Package|Any CPU.Build.0 = Release|Any CPU
		{28C9FB6D-8E22-48AA-BC32-D4E999C370B9}.Package|x64.ActiveCfg = Release|Any CPU
		{28C9FB6D-8E22-48AA-BC32-D4E999C370B9}.Package|x64.Build.0 = Release|Any CPU
		{28C9FB6D-8E22-48AA-BC32-D4E999C370B9}.Package|x86.ActiveCfg = Release|Any CPU
		{28C9FB6D-8E22-48AA-BC32-D4E999C370B9}.Package|x86.Build.0 = Release|Any CPU
		{28C9FB6D-8E22-48AA-BC32-D4E999C370B9}.Release|Any CPU.ActiveCfg = Release|Any CPU
		{28C9FB6D-8E22-48AA-BC32-D4E999C370B9}.Release|Any CPU.Build.0 = Release|Any CPU
		{28C9FB6D-8E22-48AA-BC32-D4E999C370B9}.Release|x64.ActiveCfg = Release|Any CPU
		{28C9FB6D-8E22-48AA-BC32-D4E999C370B9}.Release|x64.Build.0 = Release|Any CPU
		{28C9FB6D-8E22-48AA-BC32-D4E999C370B9}.Release|x86.ActiveCfg = Release|Any CPU
		{28C9FB6D-8E22-48AA-BC32-D4E999C370B9}.Release|x86.Build.0 = Release|Any CPU
		{9BE628D9-FA6F-45CE-B11C-1101D2ADA451}.Debug|Any CPU.ActiveCfg = Debug|x64
		{9BE628D9-FA6F-45CE-B11C-1101D2ADA451}.Debug|Any CPU.Build.0 = Debug|x64
		{9BE628D9-FA6F-45CE-B11C-1101D2ADA451}.Debug|x64.ActiveCfg = Debug|x64
		{9BE628D9-FA6F-45CE-B11C-1101D2ADA451}.Debug|x64.Build.0 = Debug|x64
		{9BE628D9-FA6F-45CE-B11C-1101D2ADA451}.Debug|x86.ActiveCfg = Debug|x86
		{9BE628D9-FA6F-45CE-B11C-1101D2ADA451}.Debug|x86.Build.0 = Debug|x86
		{9BE628D9-FA6F-45CE-B11C-1101D2ADA451}.Package|Any CPU.ActiveCfg = Release|x64
		{9BE628D9-FA6F-45CE-B11C-1101D2ADA451}.Package|Any CPU.Build.0 = Release|x64
		{9BE628D9-FA6F-45CE-B11C-1101D2ADA451}.Package|x64.ActiveCfg = Release|x64
		{9BE628D9-FA6F-45CE-B11C-1101D2ADA451}.Package|x64.Build.0 = Release|x64
		{9BE628D9-FA6F-45CE-B11C-1101D2ADA451}.Package|x86.ActiveCfg = Release|x86
		{9BE628D9-FA6F-45CE-B11C-1101D2ADA451}.Package|x86.Build.0 = Release|x86
		{9BE628D9-FA6F-45CE-B11C-1101D2ADA451}.Release|Any CPU.ActiveCfg = Release|x64
		{9BE628D9-FA6F-45CE-B11C-1101D2ADA451}.Release|Any CPU.Build.0 = Release|x64
		{9BE628D9-FA6F-45CE-B11C-1101D2ADA451}.Release|x64.ActiveCfg = Release|x64
		{9BE628D9-FA6F-45CE-B11C-1101D2ADA451}.Release|x64.Build.0 = Release|x64
		{9BE628D9-FA6F-45CE-B11C-1101D2ADA451}.Release|x86.ActiveCfg = Release|x86
		{9BE628D9-FA6F-45CE-B11C-1101D2ADA451}.Release|x86.Build.0 = Release|x86
		{56DD6D41-BF60-462F-AB2D-512098643EED}.Debug|Any CPU.ActiveCfg = Debug|x64
		{56DD6D41-BF60-462F-AB2D-512098643EED}.Debug|Any CPU.Build.0 = Debug|x64
		{56DD6D41-BF60-462F-AB2D-512098643EED}.Debug|x64.ActiveCfg = Debug|x64
		{56DD6D41-BF60-462F-AB2D-512098643EED}.Debug|x64.Build.0 = Debug|x64
		{56DD6D41-BF60-462F-AB2D-512098643EED}.Debug|x86.ActiveCfg = Debug|x86
		{56DD6D41-BF60-462F-AB2D-512098643EED}.Debug|x86.Build.0 = Debug|x86
		{56DD6D41-BF60-462F-AB2D-512098643EED}.Package|Any CPU.ActiveCfg = Release|x64
		{56DD6D41-BF60-462F-AB2D-512098643EED}.Package|x64.ActiveCfg = Release|x64
		{56DD6D41-BF60-462F-AB2D-512098643EED}.Package|x64.Build.0 = Release|x64
		{56DD6D41-BF60-462F-AB2D-512098643EED}.Package|x86.ActiveCfg = Release|x86
		{56DD6D41-BF60-462F-AB2D-512098643EED}.Package|x86.Build.0 = Release|x86
		{56DD6D41-BF60-462F-AB2D-512098643EED}.Release|Any CPU.ActiveCfg = Release|x64
		{56DD6D41-BF60-462F-AB2D-512098643EED}.Release|Any CPU.Build.0 = Release|x64
		{56DD6D41-BF60-462F-AB2D-512098643EED}.Release|x64.ActiveCfg = Release|x64
		{56DD6D41-BF60-462F-AB2D-512098643EED}.Release|x64.Build.0 = Release|x64
		{56DD6D41-BF60-462F-AB2D-512098643EED}.Release|x86.ActiveCfg = Release|x86
		{56DD6D41-BF60-462F-AB2D-512098643EED}.Release|x86.Build.0 = Release|x86
		{9A554C9B-B87F-44B3-8F6C-BFD8A7AC24E9}.Debug|Any CPU.ActiveCfg = Debug|x64
		{9A554C9B-B87F-44B3-8F6C-BFD8A7AC24E9}.Debug|Any CPU.Build.0 = Debug|x64
		{9A554C9B-B87F-44B3-8F6C-BFD8A7AC24E9}.Debug|x64.ActiveCfg = Debug|x64
		{9A554C9B-B87F-44B3-8F6C-BFD8A7AC24E9}.Debug|x64.Build.0 = Debug|x64
		{9A554C9B-B87F-44B3-8F6C-BFD8A7AC24E9}.Debug|x86.ActiveCfg = Debug|Win32
		{9A554C9B-B87F-44B3-8F6C-BFD8A7AC24E9}.Debug|x86.Build.0 = Debug|Win32
		{9A554C9B-B87F-44B3-8F6C-BFD8A7AC24E9}.Package|Any CPU.ActiveCfg = Release|x64
		{9A554C9B-B87F-44B3-8F6C-BFD8A7AC24E9}.Package|x64.ActiveCfg = Release|x64
		{9A554C9B-B87F-44B3-8F6C-BFD8A7AC24E9}.Package|x64.Build.0 = Release|x64
		{9A554C9B-B87F-44B3-8F6C-BFD8A7AC24E9}.Package|x86.ActiveCfg = Release|Win32
		{9A554C9B-B87F-44B3-8F6C-BFD8A7AC24E9}.Package|x86.Build.0 = Release|Win32
		{9A554C9B-B87F-44B3-8F6C-BFD8A7AC24E9}.Release|Any CPU.ActiveCfg = Release|x64
		{9A554C9B-B87F-44B3-8F6C-BFD8A7AC24E9}.Release|Any CPU.Build.0 = Release|x64
		{9A554C9B-B87F-44B3-8F6C-BFD8A7AC24E9}.Release|x64.ActiveCfg = Release|x64
		{9A554C9B-B87F-44B3-8F6C-BFD8A7AC24E9}.Release|x64.Build.0 = Release|x64
		{9A554C9B-B87F-44B3-8F6C-BFD8A7AC24E9}.Release|x86.ActiveCfg = Release|Win32
		{9A554C9B-B87F-44B3-8F6C-BFD8A7AC24E9}.Release|x86.Build.0 = Release|Win32
		{3033152D-BE4D-4FC5-B262-B8CFD8C6F2A7}.Debug|Any CPU.ActiveCfg = Debug|x64
		{3033152D-BE4D-4FC5-B262-B8CFD8C6F2A7}.Debug|Any CPU.Build.0 = Debug|x64
		{3033152D-BE4D-4FC5-B262-B8CFD8C6F2A7}.Debug|x64.ActiveCfg = Debug|x64
		{3033152D-BE4D-4FC5-B262-B8CFD8C6F2A7}.Debug|x64.Build.0 = Debug|x64
		{3033152D-BE4D-4FC5-B262-B8CFD8C6F2A7}.Debug|x86.ActiveCfg = Debug|x86
		{3033152D-BE4D-4FC5-B262-B8CFD8C6F2A7}.Debug|x86.Build.0 = Debug|x86
		{3033152D-BE4D-4FC5-B262-B8CFD8C6F2A7}.Package|Any CPU.ActiveCfg = Debug|x64
		{3033152D-BE4D-4FC5-B262-B8CFD8C6F2A7}.Package|x64.ActiveCfg = Debug|x64
		{3033152D-BE4D-4FC5-B262-B8CFD8C6F2A7}.Package|x86.ActiveCfg = Debug|x86
		{3033152D-BE4D-4FC5-B262-B8CFD8C6F2A7}.Release|Any CPU.ActiveCfg = Release|x64
		{3033152D-BE4D-4FC5-B262-B8CFD8C6F2A7}.Release|Any CPU.Build.0 = Release|x64
		{3033152D-BE4D-4FC5-B262-B8CFD8C6F2A7}.Release|x64.ActiveCfg = Release|x64
		{3033152D-BE4D-4FC5-B262-B8CFD8C6F2A7}.Release|x64.Build.0 = Release|x64
		{3033152D-BE4D-4FC5-B262-B8CFD8C6F2A7}.Release|x86.ActiveCfg = Release|x86
		{3033152D-BE4D-4FC5-B262-B8CFD8C6F2A7}.Release|x86.Build.0 = Release|x86
		{AF92B5D1-9E02-413B-800D-90B87E59ED89}.Debug|Any CPU.ActiveCfg = Debug|x64
		{AF92B5D1-9E02-413B-800D-90B87E59ED89}.Debug|Any CPU.Build.0 = Debug|x64
		{AF92B5D1-9E02-413B-800D-90B87E59ED89}.Debug|x64.ActiveCfg = Debug|x64
		{AF92B5D1-9E02-413B-800D-90B87E59ED89}.Debug|x64.Build.0 = Debug|x64
		{AF92B5D1-9E02-413B-800D-90B87E59ED89}.Debug|x86.ActiveCfg = Debug|Win32
		{AF92B5D1-9E02-413B-800D-90B87E59ED89}.Debug|x86.Build.0 = Debug|Win32
		{AF92B5D1-9E02-413B-800D-90B87E59ED89}.Package|Any CPU.ActiveCfg = Release|x64
		{AF92B5D1-9E02-413B-800D-90B87E59ED89}.Package|x64.ActiveCfg = Debug|x64
		{AF92B5D1-9E02-413B-800D-90B87E59ED89}.Package|x64.Build.0 = Debug|x64
		{AF92B5D1-9E02-413B-800D-90B87E59ED89}.Package|x86.ActiveCfg = Debug|Win32
		{AF92B5D1-9E02-413B-800D-90B87E59ED89}.Package|x86.Build.0 = Debug|Win32
		{AF92B5D1-9E02-413B-800D-90B87E59ED89}.Release|Any CPU.ActiveCfg = Release|x64
		{AF92B5D1-9E02-413B-800D-90B87E59ED89}.Release|Any CPU.Build.0 = Release|x64
		{AF92B5D1-9E02-413B-800D-90B87E59ED89}.Release|x64.ActiveCfg = Release|x64
		{AF92B5D1-9E02-413B-800D-90B87E59ED89}.Release|x64.Build.0 = Release|x64
		{AF92B5D1-9E02-413B-800D-90B87E59ED89}.Release|x86.ActiveCfg = Release|Win32
		{AF92B5D1-9E02-413B-800D-90B87E59ED89}.Release|x86.Build.0 = Release|Win32
		{B2A1D5E1-5749-4325-9734-9D14F7F425ED}.Debug|Any CPU.ActiveCfg = Debug|Any CPU
		{B2A1D5E1-5749-4325-9734-9D14F7F425ED}.Debug|Any CPU.Build.0 = Debug|Any CPU
		{B2A1D5E1-5749-4325-9734-9D14F7F425ED}.Debug|x64.ActiveCfg = Debug|Any CPU
		{B2A1D5E1-5749-4325-9734-9D14F7F425ED}.Debug|x64.Build.0 = Debug|Any CPU
		{B2A1D5E1-5749-4325-9734-9D14F7F425ED}.Debug|x86.ActiveCfg = Debug|Any CPU
		{B2A1D5E1-5749-4325-9734-9D14F7F425ED}.Debug|x86.Build.0 = Debug|Any CPU
		{B2A1D5E1-5749-4325-9734-9D14F7F425ED}.Package|Any CPU.ActiveCfg = Debug|Any CPU
		{B2A1D5E1-5749-4325-9734-9D14F7F425ED}.Package|Any CPU.Build.0 = Debug|Any CPU
		{B2A1D5E1-5749-4325-9734-9D14F7F425ED}.Package|x64.ActiveCfg = Debug|Any CPU
		{B2A1D5E1-5749-4325-9734-9D14F7F425ED}.Package|x64.Build.0 = Debug|Any CPU
		{B2A1D5E1-5749-4325-9734-9D14F7F425ED}.Package|x86.ActiveCfg = Debug|Any CPU
		{B2A1D5E1-5749-4325-9734-9D14F7F425ED}.Package|x86.Build.0 = Debug|Any CPU
		{B2A1D5E1-5749-4325-9734-9D14F7F425ED}.Release|Any CPU.ActiveCfg = Release|Any CPU
		{B2A1D5E1-5749-4325-9734-9D14F7F425ED}.Release|Any CPU.Build.0 = Release|Any CPU
		{B2A1D5E1-5749-4325-9734-9D14F7F425ED}.Release|x64.ActiveCfg = Release|Any CPU
		{B2A1D5E1-5749-4325-9734-9D14F7F425ED}.Release|x64.Build.0 = Release|Any CPU
		{B2A1D5E1-5749-4325-9734-9D14F7F425ED}.Release|x86.ActiveCfg = Release|Any CPU
		{B2A1D5E1-5749-4325-9734-9D14F7F425ED}.Release|x86.Build.0 = Release|Any CPU
		{8F4D461F-7DF0-40E3-B83A-284506071852}.Debug|Any CPU.ActiveCfg = Debug|Any CPU
		{8F4D461F-7DF0-40E3-B83A-284506071852}.Debug|Any CPU.Build.0 = Debug|Any CPU
		{8F4D461F-7DF0-40E3-B83A-284506071852}.Debug|x64.ActiveCfg = Debug|Any CPU
		{8F4D461F-7DF0-40E3-B83A-284506071852}.Debug|x64.Build.0 = Debug|Any CPU
		{8F4D461F-7DF0-40E3-B83A-284506071852}.Debug|x86.ActiveCfg = Debug|Any CPU
		{8F4D461F-7DF0-40E3-B83A-284506071852}.Debug|x86.Build.0 = Debug|Any CPU
		{8F4D461F-7DF0-40E3-B83A-284506071852}.Package|Any CPU.ActiveCfg = Debug|Any CPU
		{8F4D461F-7DF0-40E3-B83A-284506071852}.Package|Any CPU.Build.0 = Debug|Any CPU
		{8F4D461F-7DF0-40E3-B83A-284506071852}.Package|x64.ActiveCfg = Debug|Any CPU
		{8F4D461F-7DF0-40E3-B83A-284506071852}.Package|x64.Build.0 = Debug|Any CPU
		{8F4D461F-7DF0-40E3-B83A-284506071852}.Package|x86.ActiveCfg = Debug|Any CPU
		{8F4D461F-7DF0-40E3-B83A-284506071852}.Package|x86.Build.0 = Debug|Any CPU
		{8F4D461F-7DF0-40E3-B83A-284506071852}.Release|Any CPU.ActiveCfg = Release|Any CPU
		{8F4D461F-7DF0-40E3-B83A-284506071852}.Release|Any CPU.Build.0 = Release|Any CPU
		{8F4D461F-7DF0-40E3-B83A-284506071852}.Release|x64.ActiveCfg = Release|Any CPU
		{8F4D461F-7DF0-40E3-B83A-284506071852}.Release|x64.Build.0 = Release|Any CPU
		{8F4D461F-7DF0-40E3-B83A-284506071852}.Release|x86.ActiveCfg = Release|Any CPU
		{8F4D461F-7DF0-40E3-B83A-284506071852}.Release|x86.Build.0 = Release|Any CPU
		{28AEF359-5557-4011-A684-C6485D276E91}.Debug|Any CPU.ActiveCfg = Debug|Any CPU
		{28AEF359-5557-4011-A684-C6485D276E91}.Debug|Any CPU.Build.0 = Debug|Any CPU
		{28AEF359-5557-4011-A684-C6485D276E91}.Debug|x64.ActiveCfg = Debug|Any CPU
		{28AEF359-5557-4011-A684-C6485D276E91}.Debug|x64.Build.0 = Debug|Any CPU
		{28AEF359-5557-4011-A684-C6485D276E91}.Debug|x86.ActiveCfg = Debug|Any CPU
		{28AEF359-5557-4011-A684-C6485D276E91}.Debug|x86.Build.0 = Debug|Any CPU
		{28AEF359-5557-4011-A684-C6485D276E91}.Package|Any CPU.ActiveCfg = Debug|Any CPU
		{28AEF359-5557-4011-A684-C6485D276E91}.Package|Any CPU.Build.0 = Debug|Any CPU
		{28AEF359-5557-4011-A684-C6485D276E91}.Package|x64.ActiveCfg = Debug|Any CPU
		{28AEF359-5557-4011-A684-C6485D276E91}.Package|x64.Build.0 = Debug|Any CPU
		{28AEF359-5557-4011-A684-C6485D276E91}.Package|x86.ActiveCfg = Debug|Any CPU
		{28AEF359-5557-4011-A684-C6485D276E91}.Package|x86.Build.0 = Debug|Any CPU
		{28AEF359-5557-4011-A684-C6485D276E91}.Release|Any CPU.ActiveCfg = Release|Any CPU
		{28AEF359-5557-4011-A684-C6485D276E91}.Release|Any CPU.Build.0 = Release|Any CPU
		{28AEF359-5557-4011-A684-C6485D276E91}.Release|x64.ActiveCfg = Release|Any CPU
		{28AEF359-5557-4011-A684-C6485D276E91}.Release|x64.Build.0 = Release|Any CPU
		{28AEF359-5557-4011-A684-C6485D276E91}.Release|x86.ActiveCfg = Release|Any CPU
		{28AEF359-5557-4011-A684-C6485D276E91}.Release|x86.Build.0 = Release|Any CPU
		{769E0ED2-65BF-46FE-89AB-0C311398A4F1}.Debug|Any CPU.ActiveCfg = Debug|Any CPU
		{769E0ED2-65BF-46FE-89AB-0C311398A4F1}.Debug|Any CPU.Build.0 = Debug|Any CPU
		{769E0ED2-65BF-46FE-89AB-0C311398A4F1}.Debug|x64.ActiveCfg = Debug|Any CPU
		{769E0ED2-65BF-46FE-89AB-0C311398A4F1}.Debug|x64.Build.0 = Debug|Any CPU
		{769E0ED2-65BF-46FE-89AB-0C311398A4F1}.Debug|x86.ActiveCfg = Debug|Any CPU
		{769E0ED2-65BF-46FE-89AB-0C311398A4F1}.Debug|x86.Build.0 = Debug|Any CPU
		{769E0ED2-65BF-46FE-89AB-0C311398A4F1}.Package|Any CPU.ActiveCfg = Debug|Any CPU
		{769E0ED2-65BF-46FE-89AB-0C311398A4F1}.Package|Any CPU.Build.0 = Debug|Any CPU
		{769E0ED2-65BF-46FE-89AB-0C311398A4F1}.Package|x64.ActiveCfg = Debug|Any CPU
		{769E0ED2-65BF-46FE-89AB-0C311398A4F1}.Package|x64.Build.0 = Debug|Any CPU
		{769E0ED2-65BF-46FE-89AB-0C311398A4F1}.Package|x86.ActiveCfg = Debug|Any CPU
		{769E0ED2-65BF-46FE-89AB-0C311398A4F1}.Package|x86.Build.0 = Debug|Any CPU
		{769E0ED2-65BF-46FE-89AB-0C311398A4F1}.Release|Any CPU.ActiveCfg = Release|Any CPU
		{769E0ED2-65BF-46FE-89AB-0C311398A4F1}.Release|Any CPU.Build.0 = Release|Any CPU
		{769E0ED2-65BF-46FE-89AB-0C311398A4F1}.Release|x64.ActiveCfg = Release|Any CPU
		{769E0ED2-65BF-46FE-89AB-0C311398A4F1}.Release|x64.Build.0 = Release|Any CPU
		{769E0ED2-65BF-46FE-89AB-0C311398A4F1}.Release|x86.ActiveCfg = Release|Any CPU
		{769E0ED2-65BF-46FE-89AB-0C311398A4F1}.Release|x86.Build.0 = Release|Any CPU
	EndGlobalSection
	GlobalSection(SolutionProperties) = preSolution
		HideSolutionNode = FALSE
	EndGlobalSection
	GlobalSection(NestedProjects) = preSolution
		{7E3F9A38-18A4-4F12-8CAA-298C004E4095} = {A14098CE-C46F-4906-87ED-44DF6A81F3A7}
		{64BF491A-E05D-4623-BCA9-86F07AA9F9A1} = {A14098CE-C46F-4906-87ED-44DF6A81F3A7}
		{0A4E22A6-08D2-46F7-8A65-DB217253E535} = {FE49F12E-C479-4F72-A165-FE20F0A43C8D}
		{4634C157-58CB-4788-9513-DD9A003FF2AA} = {A14098CE-C46F-4906-87ED-44DF6A81F3A7}
		{EF172EF6-B2B7-4944-8863-DEEACB2C7199} = {FE49F12E-C479-4F72-A165-FE20F0A43C8D}
		{28C9FB6D-8E22-48AA-BC32-D4E999C370B9} = {A14098CE-C46F-4906-87ED-44DF6A81F3A7}
		{9BE628D9-FA6F-45CE-B11C-1101D2ADA451} = {A14098CE-C46F-4906-87ED-44DF6A81F3A7}
		{56DD6D41-BF60-462F-AB2D-512098643EED} = {FE49F12E-C479-4F72-A165-FE20F0A43C8D}
		{9A554C9B-B87F-44B3-8F6C-BFD8A7AC24E9} = {A14098CE-C46F-4906-87ED-44DF6A81F3A7}
		{3033152D-BE4D-4FC5-B262-B8CFD8C6F2A7} = {FE49F12E-C479-4F72-A165-FE20F0A43C8D}
		{AF92B5D1-9E02-413B-800D-90B87E59ED89} = {A14098CE-C46F-4906-87ED-44DF6A81F3A7}
		{B2A1D5E1-5749-4325-9734-9D14F7F425ED} = {A14098CE-C46F-4906-87ED-44DF6A81F3A7}
		{8F4D461F-7DF0-40E3-B83A-284506071852} = {FE49F12E-C479-4F72-A165-FE20F0A43C8D}
		{28AEF359-5557-4011-A684-C6485D276E91} = {FE49F12E-C479-4F72-A165-FE20F0A43C8D}
		{769E0ED2-65BF-46FE-89AB-0C311398A4F1} = {FE49F12E-C479-4F72-A165-FE20F0A43C8D}
	EndGlobalSection
	GlobalSection(ExtensibilityGlobals) = postSolution
		SolutionGuid = {AB57ED24-4142-4E4A-8847-3C6A0D38B54E}
	EndGlobalSection
EndGlobal
