
Microsoft Visual Studio Solution File, Format Version 12.00
# Visual Studio Version 17
VisualStudioVersion = 17.0.32014.148
MinimumVisualStudioVersion = 10.0.40219.1
Project("{9A19103F-16F7-4668-BE54-9A1E7A4F7556}") = "BadEcho.Common", "src\Common\BadEcho.Common.csproj", "{64BF491A-E05D-4623-BCA9-86F07AA9F9A1}"
EndProject
Project("{2150E333-8FDC-42A3-9474-1A3956D46DE8}") = "src", "src", "{A14098CE-C46F-4906-87ED-44DF6A81F3A7}"
EndProject
Project("{2150E333-8FDC-42A3-9474-1A3956D46DE8}") = "tests", "tests", "{FE49F12E-C479-4F72-A165-FE20F0A43C8D}"
EndProject
Project("{9A19103F-16F7-4668-BE54-9A1E7A4F7556}") = "BadEcho.Common.Tests", "tests\Common.Tests\BadEcho.Common.Tests.csproj", "{0A4E22A6-08D2-46F7-8A65-DB217253E535}"
EndProject
Project("{8BC9CEB8-8B4A-11D0-8D11-00A0C91BC942}") = "BadEcho.Hooks.Native", "src\Hooks.Native\BadEcho.Hooks.Native.vcxproj", "{AF92B5D1-9E02-413B-800D-90B87E59ED89}"
EndProject
Project("{FAE04EC0-301F-11D3-BF4B-00C04F79EFBC}") = "BadEcho.Hooks", "src\Hooks\BadEcho.Hooks.csproj", "{83D26CDA-04F7-4EC7-9B24-05B774219D73}"
EndProject
Project("{FAE04EC0-301F-11D3-BF4B-00C04F79EFBC}") = "BadEcho.Drawing", "src\Drawing\BadEcho.Drawing.csproj", "{561D5EF7-EC04-428B-BFFC-2F1A04305180}"
EndProject
Project("{FAE04EC0-301F-11D3-BF4B-00C04F79EFBC}") = "BadEcho.Extensions.Logging", "src\Extensions.Logging\BadEcho.Extensions.Logging.csproj", "{476CA2B7-93A2-47E7-B33C-C3CB8F941680}"
EndProject
Project("{FAE04EC0-301F-11D3-BF4B-00C04F79EFBC}") = "BadEcho.Extensions.Logging.Tests", "tests\Extensions.Logging.Tests\BadEcho.Extensions.Logging.Tests.csproj", "{7C1D65D7-C3FA-4D46-A02B-90F1840F8C04}"
EndProject
Global
	GlobalSection(SolutionConfigurationPlatforms) = preSolution
		Debug|Any CPU = Debug|Any CPU
		Debug|x64 = Debug|x64
		Debug|x86 = Debug|x86
		Package|Any CPU = Package|Any CPU
		Package|x64 = Package|x64
		Package|x86 = Package|x86
		Release|Any CPU = Release|Any CPU
		Release|x64 = Release|x64
		Release|x86 = Release|x86
	EndGlobalSection
	GlobalSection(ProjectConfigurationPlatforms) = postSolution
		{64BF491A-E05D-4623-BCA9-86F07AA9F9A1}.Debug|Any CPU.ActiveCfg = Debug|Any CPU
		{64BF491A-E05D-4623-BCA9-86F07AA9F9A1}.Debug|Any CPU.Build.0 = Debug|Any CPU
		{64BF491A-E05D-4623-BCA9-86F07AA9F9A1}.Debug|x64.ActiveCfg = Debug|Any CPU
		{64BF491A-E05D-4623-BCA9-86F07AA9F9A1}.Debug|x64.Build.0 = Debug|Any CPU
		{64BF491A-E05D-4623-BCA9-86F07AA9F9A1}.Debug|x86.ActiveCfg = Debug|Any CPU
		{64BF491A-E05D-4623-BCA9-86F07AA9F9A1}.Debug|x86.Build.0 = Debug|Any CPU
		{64BF491A-E05D-4623-BCA9-86F07AA9F9A1}.Package|Any CPU.ActiveCfg = Release|Any CPU
		{64BF491A-E05D-4623-BCA9-86F07AA9F9A1}.Package|Any CPU.Build.0 = Release|Any CPU
		{64BF491A-E05D-4623-BCA9-86F07AA9F9A1}.Package|x64.ActiveCfg = Release|Any CPU
		{64BF491A-E05D-4623-BCA9-86F07AA9F9A1}.Package|x64.Build.0 = Release|Any CPU
		{64BF491A-E05D-4623-BCA9-86F07AA9F9A1}.Package|x86.ActiveCfg = Release|Any CPU
		{64BF491A-E05D-4623-BCA9-86F07AA9F9A1}.Package|x86.Build.0 = Release|Any CPU
		{64BF491A-E05D-4623-BCA9-86F07AA9F9A1}.Release|Any CPU.ActiveCfg = Release|Any CPU
		{64BF491A-E05D-4623-BCA9-86F07AA9F9A1}.Release|Any CPU.Build.0 = Release|Any CPU
		{64BF491A-E05D-4623-BCA9-86F07AA9F9A1}.Release|x64.ActiveCfg = Release|Any CPU
		{64BF491A-E05D-4623-BCA9-86F07AA9F9A1}.Release|x64.Build.0 = Release|Any CPU
		{64BF491A-E05D-4623-BCA9-86F07AA9F9A1}.Release|x86.ActiveCfg = Release|Any CPU
		{64BF491A-E05D-4623-BCA9-86F07AA9F9A1}.Release|x86.Build.0 = Release|Any CPU
		{0A4E22A6-08D2-46F7-8A65-DB217253E535}.Debug|Any CPU.ActiveCfg = Debug|Any CPU
		{0A4E22A6-08D2-46F7-8A65-DB217253E535}.Debug|Any CPU.Build.0 = Debug|Any CPU
		{0A4E22A6-08D2-46F7-8A65-DB217253E535}.Debug|x64.ActiveCfg = Debug|Any CPU
		{0A4E22A6-08D2-46F7-8A65-DB217253E535}.Debug|x64.Build.0 = Debug|Any CPU
		{0A4E22A6-08D2-46F7-8A65-DB217253E535}.Debug|x86.ActiveCfg = Debug|Any CPU
		{0A4E22A6-08D2-46F7-8A65-DB217253E535}.Debug|x86.Build.0 = Debug|Any CPU
		{0A4E22A6-08D2-46F7-8A65-DB217253E535}.Package|Any CPU.ActiveCfg = Release|Any CPU
		{0A4E22A6-08D2-46F7-8A65-DB217253E535}.Package|x64.ActiveCfg = Release|Any CPU
		{0A4E22A6-08D2-46F7-8A65-DB217253E535}.Package|x86.ActiveCfg = Release|Any CPU
		{0A4E22A6-08D2-46F7-8A65-DB217253E535}.Release|Any CPU.ActiveCfg = Release|Any CPU
		{0A4E22A6-08D2-46F7-8A65-DB217253E535}.Release|Any CPU.Build.0 = Release|Any CPU
		{0A4E22A6-08D2-46F7-8A65-DB217253E535}.Release|x64.ActiveCfg = Release|Any CPU
		{0A4E22A6-08D2-46F7-8A65-DB217253E535}.Release|x64.Build.0 = Release|Any CPU
		{0A4E22A6-08D2-46F7-8A65-DB217253E535}.Release|x86.ActiveCfg = Release|Any CPU
		{0A4E22A6-08D2-46F7-8A65-DB217253E535}.Release|x86.Build.0 = Release|Any CPU
		{AF92B5D1-9E02-413B-800D-90B87E59ED89}.Debug|Any CPU.ActiveCfg = Debug|x64
		{AF92B5D1-9E02-413B-800D-90B87E59ED89}.Debug|Any CPU.Build.0 = Debug|x64
		{AF92B5D1-9E02-413B-800D-90B87E59ED89}.Debug|x64.ActiveCfg = Debug|x64
		{AF92B5D1-9E02-413B-800D-90B87E59ED89}.Debug|x64.Build.0 = Debug|x64
		{AF92B5D1-9E02-413B-800D-90B87E59ED89}.Debug|x86.ActiveCfg = Debug|Win32
		{AF92B5D1-9E02-413B-800D-90B87E59ED89}.Debug|x86.Build.0 = Debug|Win32
		{AF92B5D1-9E02-413B-800D-90B87E59ED89}.Package|Any CPU.ActiveCfg = Release|x64
		{AF92B5D1-9E02-413B-800D-90B87E59ED89}.Package|x64.ActiveCfg = Release|x64
		{AF92B5D1-9E02-413B-800D-90B87E59ED89}.Package|x86.ActiveCfg = Release|Win32
		{AF92B5D1-9E02-413B-800D-90B87E59ED89}.Release|Any CPU.ActiveCfg = Release|x64
		{AF92B5D1-9E02-413B-800D-90B87E59ED89}.Release|Any CPU.Build.0 = Release|x64
		{AF92B5D1-9E02-413B-800D-90B87E59ED89}.Release|x64.ActiveCfg = Release|x64
		{AF92B5D1-9E02-413B-800D-90B87E59ED89}.Release|x64.Build.0 = Release|x64
		{AF92B5D1-9E02-413B-800D-90B87E59ED89}.Release|x86.ActiveCfg = Release|Win32
		{AF92B5D1-9E02-413B-800D-90B87E59ED89}.Release|x86.Build.0 = Release|Win32
		{83D26CDA-04F7-4EC7-9B24-05B774219D73}.Debug|Any CPU.ActiveCfg = Debug|Any CPU
		{83D26CDA-04F7-4EC7-9B24-05B774219D73}.Debug|Any CPU.Build.0 = Debug|Any CPU
		{83D26CDA-04F7-4EC7-9B24-05B774219D73}.Debug|x64.ActiveCfg = Debug|Any CPU
		{83D26CDA-04F7-4EC7-9B24-05B774219D73}.Debug|x64.Build.0 = Debug|Any CPU
		{83D26CDA-04F7-4EC7-9B24-05B774219D73}.Debug|x86.ActiveCfg = Debug|Any CPU
		{83D26CDA-04F7-4EC7-9B24-05B774219D73}.Debug|x86.Build.0 = Debug|Any CPU
		{83D26CDA-04F7-4EC7-9B24-05B774219D73}.Package|Any CPU.ActiveCfg = Release|Any CPU
		{83D26CDA-04F7-4EC7-9B24-05B774219D73}.Package|Any CPU.Build.0 = Release|Any CPU
		{83D26CDA-04F7-4EC7-9B24-05B774219D73}.Package|x64.ActiveCfg = Release|Any CPU
		{83D26CDA-04F7-4EC7-9B24-05B774219D73}.Package|x64.Build.0 = Release|Any CPU
		{83D26CDA-04F7-4EC7-9B24-05B774219D73}.Package|x86.ActiveCfg = Release|Any CPU
		{83D26CDA-04F7-4EC7-9B24-05B774219D73}.Package|x86.Build.0 = Release|Any CPU
		{83D26CDA-04F7-4EC7-9B24-05B774219D73}.Release|Any CPU.ActiveCfg = Release|Any CPU
		{83D26CDA-04F7-4EC7-9B24-05B774219D73}.Release|Any CPU.Build.0 = Release|Any CPU
		{83D26CDA-04F7-4EC7-9B24-05B774219D73}.Release|x64.ActiveCfg = Release|Any CPU
		{83D26CDA-04F7-4EC7-9B24-05B774219D73}.Release|x64.Build.0 = Release|Any CPU
		{83D26CDA-04F7-4EC7-9B24-05B774219D73}.Release|x86.ActiveCfg = Release|Any CPU
		{83D26CDA-04F7-4EC7-9B24-05B774219D73}.Release|x86.Build.0 = Release|Any CPU
		{561D5EF7-EC04-428B-BFFC-2F1A04305180}.Debug|Any CPU.ActiveCfg = Debug|Any CPU
		{561D5EF7-EC04-428B-BFFC-2F1A04305180}.Debug|Any CPU.Build.0 = Debug|Any CPU
		{561D5EF7-EC04-428B-BFFC-2F1A04305180}.Debug|x64.ActiveCfg = Debug|Any CPU
		{561D5EF7-EC04-428B-BFFC-2F1A04305180}.Debug|x64.Build.0 = Debug|Any CPU
		{561D5EF7-EC04-428B-BFFC-2F1A04305180}.Debug|x86.ActiveCfg = Debug|Any CPU
		{561D5EF7-EC04-428B-BFFC-2F1A04305180}.Debug|x86.Build.0 = Debug|Any CPU
		{561D5EF7-EC04-428B-BFFC-2F1A04305180}.Package|Any CPU.ActiveCfg = Release|Any CPU
		{561D5EF7-EC04-428B-BFFC-2F1A04305180}.Package|Any CPU.Build.0 = Release|Any CPU
		{561D5EF7-EC04-428B-BFFC-2F1A04305180}.Package|x64.ActiveCfg = Release|Any CPU
		{561D5EF7-EC04-428B-BFFC-2F1A04305180}.Package|x64.Build.0 = Release|Any CPU
		{561D5EF7-EC04-428B-BFFC-2F1A04305180}.Package|x86.ActiveCfg = Release|Any CPU
		{561D5EF7-EC04-428B-BFFC-2F1A04305180}.Package|x86.Build.0 = Release|Any CPU
		{561D5EF7-EC04-428B-BFFC-2F1A04305180}.Release|Any CPU.ActiveCfg = Release|Any CPU
		{561D5EF7-EC04-428B-BFFC-2F1A04305180}.Release|Any CPU.Build.0 = Release|Any CPU
		{561D5EF7-EC04-428B-BFFC-2F1A04305180}.Release|x64.ActiveCfg = Release|Any CPU
		{561D5EF7-EC04-428B-BFFC-2F1A04305180}.Release|x64.Build.0 = Release|Any CPU
		{561D5EF7-EC04-428B-BFFC-2F1A04305180}.Release|x86.ActiveCfg = Release|Any CPU
		{561D5EF7-EC04-428B-BFFC-2F1A04305180}.Release|x86.Build.0 = Release|Any CPU
		{476CA2B7-93A2-47E7-B33C-C3CB8F941680}.Debug|Any CPU.ActiveCfg = Debug|Any CPU
		{476CA2B7-93A2-47E7-B33C-C3CB8F941680}.Debug|Any CPU.Build.0 = Debug|Any CPU
		{476CA2B7-93A2-47E7-B33C-C3CB8F941680}.Debug|x64.ActiveCfg = Debug|Any CPU
		{476CA2B7-93A2-47E7-B33C-C3CB8F941680}.Debug|x64.Build.0 = Debug|Any CPU
		{476CA2B7-93A2-47E7-B33C-C3CB8F941680}.Debug|x86.ActiveCfg = Debug|Any CPU
		{476CA2B7-93A2-47E7-B33C-C3CB8F941680}.Debug|x86.Build.0 = Debug|Any CPU
		{476CA2B7-93A2-47E7-B33C-C3CB8F941680}.Package|Any CPU.ActiveCfg = Release|Any CPU
		{476CA2B7-93A2-47E7-B33C-C3CB8F941680}.Package|Any CPU.Build.0 = Release|Any CPU
		{476CA2B7-93A2-47E7-B33C-C3CB8F941680}.Package|x64.ActiveCfg = Release|Any CPU
		{476CA2B7-93A2-47E7-B33C-C3CB8F941680}.Package|x64.Build.0 = Release|Any CPU
		{476CA2B7-93A2-47E7-B33C-C3CB8F941680}.Package|x86.ActiveCfg = Release|Any CPU
		{476CA2B7-93A2-47E7-B33C-C3CB8F941680}.Package|x86.Build.0 = Release|Any CPU
		{476CA2B7-93A2-47E7-B33C-C3CB8F941680}.Release|Any CPU.ActiveCfg = Release|Any CPU
		{476CA2B7-93A2-47E7-B33C-C3CB8F941680}.Release|Any CPU.Build.0 = Release|Any CPU
		{476CA2B7-93A2-47E7-B33C-C3CB8F941680}.Release|x64.ActiveCfg = Release|Any CPU
		{476CA2B7-93A2-47E7-B33C-C3CB8F941680}.Release|x64.Build.0 = Release|Any CPU
		{476CA2B7-93A2-47E7-B33C-C3CB8F941680}.Release|x86.ActiveCfg = Release|Any CPU
		{476CA2B7-93A2-47E7-B33C-C3CB8F941680}.Release|x86.Build.0 = Release|Any CPU
		{7C1D65D7-C3FA-4D46-A02B-90F1840F8C04}.Debug|Any CPU.ActiveCfg = Debug|Any CPU
		{7C1D65D7-C3FA-4D46-A02B-90F1840F8C04}.Debug|Any CPU.Build.0 = Debug|Any CPU
		{7C1D65D7-C3FA-4D46-A02B-90F1840F8C04}.Debug|x64.ActiveCfg = Debug|Any CPU
		{7C1D65D7-C3FA-4D46-A02B-90F1840F8C04}.Debug|x64.Build.0 = Debug|Any CPU
		{7C1D65D7-C3FA-4D46-A02B-90F1840F8C04}.Debug|x86.ActiveCfg = Debug|Any CPU
		{7C1D65D7-C3FA-4D46-A02B-90F1840F8C04}.Debug|x86.Build.0 = Debug|Any CPU
		{7C1D65D7-C3FA-4D46-A02B-90F1840F8C04}.Package|Any CPU.ActiveCfg = Release|Any CPU
		{7C1D65D7-C3FA-4D46-A02B-90F1840F8C04}.Package|x64.ActiveCfg = Release|Any CPU
		{7C1D65D7-C3FA-4D46-A02B-90F1840F8C04}.Package|x86.ActiveCfg = Release|Any CPU
		{7C1D65D7-C3FA-4D46-A02B-90F1840F8C04}.Release|Any CPU.ActiveCfg = Release|Any CPU
		{7C1D65D7-C3FA-4D46-A02B-90F1840F8C04}.Release|Any CPU.Build.0 = Release|Any CPU
		{7C1D65D7-C3FA-4D46-A02B-90F1840F8C04}.Release|x64.ActiveCfg = Release|Any CPU
		{7C1D65D7-C3FA-4D46-A02B-90F1840F8C04}.Release|x64.Build.0 = Release|Any CPU
		{7C1D65D7-C3FA-4D46-A02B-90F1840F8C04}.Release|x86.ActiveCfg = Release|Any CPU
		{7C1D65D7-C3FA-4D46-A02B-90F1840F8C04}.Release|x86.Build.0 = Release|Any CPU
	EndGlobalSection
	GlobalSection(SolutionProperties) = preSolution
		HideSolutionNode = FALSE
	EndGlobalSection
	GlobalSection(NestedProjects) = preSolution
		{64BF491A-E05D-4623-BCA9-86F07AA9F9A1} = {A14098CE-C46F-4906-87ED-44DF6A81F3A7}
		{0A4E22A6-08D2-46F7-8A65-DB217253E535} = {FE49F12E-C479-4F72-A165-FE20F0A43C8D}
		{AF92B5D1-9E02-413B-800D-90B87E59ED89} = {A14098CE-C46F-4906-87ED-44DF6A81F3A7}
		{83D26CDA-04F7-4EC7-9B24-05B774219D73} = {A14098CE-C46F-4906-87ED-44DF6A81F3A7}
		{561D5EF7-EC04-428B-BFFC-2F1A04305180} = {A14098CE-C46F-4906-87ED-44DF6A81F3A7}
		{476CA2B7-93A2-47E7-B33C-C3CB8F941680} = {A14098CE-C46F-4906-87ED-44DF6A81F3A7}
		{7C1D65D7-C3FA-4D46-A02B-90F1840F8C04} = {FE49F12E-C479-4F72-A165-FE20F0A43C8D}
	EndGlobalSection
	GlobalSection(ExtensibilityGlobals) = postSolution
		SolutionGuid = {AB57ED24-4142-4E4A-8847-3C6A0D38B54E}
	EndGlobalSection
EndGlobal
